
Microsoft Visual Studio Solution File, Format Version 12.00
# Visual Studio Version 17
VisualStudioVersion = 17.12.35527.113
MinimumVisualStudioVersion = 10.0.40219.1
Project("{FAE04EC0-301F-11D3-BF4B-00C04F79EFBC}") = "FinancialOperations.Consolidator.API", "FinancialOperations.Consolidator.API\FinancialOperations.Consolidator.API.csproj", "{CC62F6E6-CE5C-40FA-9AB7-4DEEDD9EFB81}"
EndProject
Project("{FAE04EC0-301F-11D3-BF4B-00C04F79EFBC}") = "FinancialOperations.API", "FinancialOperations.API\FinancialOperations.API.csproj", "{73A8B564-1D8F-4813-BA37-380EB63D9DB0}"
EndProject
Project("{FAE04EC0-301F-11D3-BF4B-00C04F79EFBC}") = "FinancialOperations.SideCar", "FinancialOperations.SideCar\FinancialOperations.SideCar.csproj", "{606D2AFB-9B68-407B-B75F-A26663585552}"
EndProject
Project("{E53339B2-1760-4266-BCC7-CA923CBCF16C}") = "docker-compose", "docker-compose.dcproj", "{937E6826-EDCB-4CC1-8470-A87C875A88E5}"
EndProject
Project("{FAE04EC0-301F-11D3-BF4B-00C04F79EFBC}") = "FinancialOperations.Consolidator.Protos", "FinancialOperations.Consolidator.Protos\FinancialOperations.Consolidator.Protos.csproj", "{BC0D4F69-5225-46DB-A3BA-ED4DD5066D79}"
EndProject
Project("{2150E333-8FDC-42A3-9474-1A3956D46DE8}") = "Libs", "Libs", "{33643E71-5382-45C3-8D50-332760E7BE2C}"
EndProject
Project("{FAE04EC0-301F-11D3-BF4B-00C04F79EFBC}") = "FinancialOperations.MQ.Events", "FinancialOperations.MQ.Events\FinancialOperations.MQ.Events.csproj", "{D3656C9C-F58F-4373-9D40-A9CEAEFEFF76}"
EndProject
Global
	GlobalSection(SolutionConfigurationPlatforms) = preSolution
		Debug|Any CPU = Debug|Any CPU
		Release|Any CPU = Release|Any CPU
	EndGlobalSection
	GlobalSection(ProjectConfigurationPlatforms) = postSolution
		{CC62F6E6-CE5C-40FA-9AB7-4DEEDD9EFB81}.Debug|Any CPU.ActiveCfg = Debug|Any CPU
		{CC62F6E6-CE5C-40FA-9AB7-4DEEDD9EFB81}.Debug|Any CPU.Build.0 = Debug|Any CPU
		{CC62F6E6-CE5C-40FA-9AB7-4DEEDD9EFB81}.Release|Any CPU.ActiveCfg = Release|Any CPU
		{CC62F6E6-CE5C-40FA-9AB7-4DEEDD9EFB81}.Release|Any CPU.Build.0 = Release|Any CPU
		{73A8B564-1D8F-4813-BA37-380EB63D9DB0}.Debug|Any CPU.ActiveCfg = Debug|Any CPU
		{73A8B564-1D8F-4813-BA37-380EB63D9DB0}.Debug|Any CPU.Build.0 = Debug|Any CPU
		{73A8B564-1D8F-4813-BA37-380EB63D9DB0}.Release|Any CPU.ActiveCfg = Release|Any CPU
		{73A8B564-1D8F-4813-BA37-380EB63D9DB0}.Release|Any CPU.Build.0 = Release|Any CPU
		{606D2AFB-9B68-407B-B75F-A26663585552}.Debug|Any CPU.ActiveCfg = Debug|Any CPU
		{606D2AFB-9B68-407B-B75F-A26663585552}.Debug|Any CPU.Build.0 = Debug|Any CPU
		{606D2AFB-9B68-407B-B75F-A26663585552}.Release|Any CPU.ActiveCfg = Release|Any CPU
		{606D2AFB-9B68-407B-B75F-A26663585552}.Release|Any CPU.Build.0 = Release|Any CPU
		{937E6826-EDCB-4CC1-8470-A87C875A88E5}.Debug|Any CPU.ActiveCfg = Debug|Any CPU
		{937E6826-EDCB-4CC1-8470-A87C875A88E5}.Debug|Any CPU.Build.0 = Debug|Any CPU
		{937E6826-EDCB-4CC1-8470-A87C875A88E5}.Release|Any CPU.ActiveCfg = Release|Any CPU
		{937E6826-EDCB-4CC1-8470-A87C875A88E5}.Release|Any CPU.Build.0 = Release|Any CPU
		{BC0D4F69-5225-46DB-A3BA-ED4DD5066D79}.Debug|Any CPU.ActiveCfg = Debug|Any CPU
		{BC0D4F69-5225-46DB-A3BA-ED4DD5066D79}.Debug|Any CPU.Build.0 = Debug|Any CPU
		{BC0D4F69-5225-46DB-A3BA-ED4DD5066D79}.Release|Any CPU.ActiveCfg = Release|Any CPU
		{BC0D4F69-5225-46DB-A3BA-ED4DD5066D79}.Release|Any CPU.Build.0 = Release|Any CPU
		{D3656C9C-F58F-4373-9D40-A9CEAEFEFF76}.Debug|Any CPU.ActiveCfg = Debug|Any CPU
		{D3656C9C-F58F-4373-9D40-A9CEAEFEFF76}.Debug|Any CPU.Build.0 = Debug|Any CPU
		{D3656C9C-F58F-4373-9D40-A9CEAEFEFF76}.Release|Any CPU.ActiveCfg = Release|Any CPU
		{D3656C9C-F58F-4373-9D40-A9CEAEFEFF76}.Release|Any CPU.Build.0 = Release|Any CPU
	EndGlobalSection
	GlobalSection(SolutionProperties) = preSolution
		HideSolutionNode = FALSE
	EndGlobalSection
	GlobalSection(NestedProjects) = preSolution
		{606D2AFB-9B68-407B-B75F-A26663585552} = {33643E71-5382-45C3-8D50-332760E7BE2C}
		{BC0D4F69-5225-46DB-A3BA-ED4DD5066D79} = {33643E71-5382-45C3-8D50-332760E7BE2C}
		{D3656C9C-F58F-4373-9D40-A9CEAEFEFF76} = {33643E71-5382-45C3-8D50-332760E7BE2C}
	EndGlobalSection
EndGlobal
